// !$*UTF8*$!
{
	archiveVersion = 1;
	classes = {
	};
	objectVersion = 46;
	objects = {

/* Begin PBXBuildFile section */
		1A6EB8101DF8A4B100B50A74 /* AppDelegate.swift in Sources */ = {isa = PBXBuildFile; fileRef = 1A6EB80F1DF8A4B100B50A74 /* AppDelegate.swift */; };
		1A6EB8121DF8A4B100B50A74 /* ViewController.swift in Sources */ = {isa = PBXBuildFile; fileRef = 1A6EB8111DF8A4B100B50A74 /* ViewController.swift */; };
		1A6EB8151DF8A4B100B50A74 /* Main.storyboard in Resources */ = {isa = PBXBuildFile; fileRef = 1A6EB8131DF8A4B100B50A74 /* Main.storyboard */; };
		1A6EB8171DF8A4B100B50A74 /* Assets.xcassets in Resources */ = {isa = PBXBuildFile; fileRef = 1A6EB8161DF8A4B100B50A74 /* Assets.xcassets */; };
		1A6EB81A1DF8A4B100B50A74 /* LaunchScreen.storyboard in Resources */ = {isa = PBXBuildFile; fileRef = 1A6EB8181DF8A4B100B50A74 /* LaunchScreen.storyboard */; };
		1A6EB8251DF8A4B100B50A74 /* JSTableViewBlurTests.swift in Sources */ = {isa = PBXBuildFile; fileRef = 1A6EB8241DF8A4B100B50A74 /* JSTableViewBlurTests.swift */; };
		1A6EB8301DF8A4B100B50A74 /* JSTableViewBlurUITests.swift in Sources */ = {isa = PBXBuildFile; fileRef = 1A6EB82F1DF8A4B100B50A74 /* JSTableViewBlurUITests.swift */; };
/* End PBXBuildFile section */

/* Begin PBXContainerItemProxy section */
		1A6EB8211DF8A4B100B50A74 /* PBXContainerItemProxy */ = {
			isa = PBXContainerItemProxy;
			containerPortal = 1A6EB8041DF8A4B100B50A74 /* Project object */;
			proxyType = 1;
			remoteGlobalIDString = 1A6EB80B1DF8A4B100B50A74;
			remoteInfo = JSTableViewBlur;
		};
		1A6EB82C1DF8A4B100B50A74 /* PBXContainerItemProxy */ = {
			isa = PBXContainerItemProxy;
			containerPortal = 1A6EB8041DF8A4B100B50A74 /* Project object */;
			proxyType = 1;
			remoteGlobalIDString = 1A6EB80B1DF8A4B100B50A74;
			remoteInfo = JSTableViewBlur;
		};
/* End PBXContainerItemProxy section */

/* Begin PBXFileReference section */
		1A6EB80C1DF8A4B100B50A74 /* JSTableViewBlur.app */ = {isa = PBXFileReference; explicitFileType = wrapper.application; includeInIndex = 0; path = JSTableViewBlur.app; sourceTree = BUILT_PRODUCTS_DIR; };
		1A6EB80F1DF8A4B100B50A74 /* AppDelegate.swift */ = {isa = PBXFileReference; lastKnownFileType = sourcecode.swift; path = AppDelegate.swift; sourceTree = "<group>"; };
		1A6EB8111DF8A4B100B50A74 /* ViewController.swift */ = {isa = PBXFileReference; lastKnownFileType = sourcecode.swift; path = ViewController.swift; sourceTree = "<group>"; };
		1A6EB8141DF8A4B100B50A74 /* Base */ = {isa = PBXFileReference; lastKnownFileType = file.storyboard; name = Base; path = Base.lproj/Main.storyboard; sourceTree = "<group>"; };
		1A6EB8161DF8A4B100B50A74 /* Assets.xcassets */ = {isa = PBXFileReference; lastKnownFileType = folder.assetcatalog; path = Assets.xcassets; sourceTree = "<group>"; };
		1A6EB8191DF8A4B100B50A74 /* Base */ = {isa = PBXFileReference; lastKnownFileType = file.storyboard; name = Base; path = Base.lproj/LaunchScreen.storyboard; sourceTree = "<group>"; };
		1A6EB81B1DF8A4B100B50A74 /* Info.plist */ = {isa = PBXFileReference; lastKnownFileType = text.plist.xml; path = Info.plist; sourceTree = "<group>"; };
		1A6EB8201DF8A4B100B50A74 /* JSTableViewBlurTests.xctest */ = {isa = PBXFileReference; explicitFileType = wrapper.cfbundle; includeInIndex = 0; path = JSTableViewBlurTests.xctest; sourceTree = BUILT_PRODUCTS_DIR; };
		1A6EB8241DF8A4B100B50A74 /* JSTableViewBlurTests.swift */ = {isa = PBXFileReference; lastKnownFileType = sourcecode.swift; path = JSTableViewBlurTests.swift; sourceTree = "<group>"; };
		1A6EB8261DF8A4B100B50A74 /* Info.plist */ = {isa = PBXFileReference; lastKnownFileType = text.plist.xml; path = Info.plist; sourceTree = "<group>"; };
		1A6EB82B1DF8A4B100B50A74 /* JSTableViewBlurUITests.xctest */ = {isa = PBXFileReference; explicitFileType = wrapper.cfbundle; includeInIndex = 0; path = JSTableViewBlurUITests.xctest; sourceTree = BUILT_PRODUCTS_DIR; };
		1A6EB82F1DF8A4B100B50A74 /* JSTableViewBlurUITests.swift */ = {isa = PBXFileReference; lastKnownFileType = sourcecode.swift; path = JSTableViewBlurUITests.swift; sourceTree = "<group>"; };
		1A6EB8311DF8A4B100B50A74 /* Info.plist */ = {isa = PBXFileReference; lastKnownFileType = text.plist.xml; path = Info.plist; sourceTree = "<group>"; };
/* End PBXFileReference section */

/* Begin PBXFrameworksBuildPhase section */
		1A6EB8091DF8A4B100B50A74 /* Frameworks */ = {
			isa = PBXFrameworksBuildPhase;
			buildActionMask = 2147483647;
			files = (
			);
			runOnlyForDeploymentPostprocessing = 0;
		};
		1A6EB81D1DF8A4B100B50A74 /* Frameworks */ = {
			isa = PBXFrameworksBuildPhase;
			buildActionMask = 2147483647;
			files = (
			);
			runOnlyForDeploymentPostprocessing = 0;
		};
		1A6EB8281DF8A4B100B50A74 /* Frameworks */ = {
			isa = PBXFrameworksBuildPhase;
			buildActionMask = 2147483647;
			files = (
			);
			runOnlyForDeploymentPostprocessing = 0;
		};
/* End PBXFrameworksBuildPhase section */

/* Begin PBXGroup section */
		1A6EB8031DF8A4B100B50A74 = {
			isa = PBXGroup;
			children = (
				1A6EB80E1DF8A4B100B50A74 /* JSTableViewBlur */,
				1A6EB8231DF8A4B100B50A74 /* JSTableViewBlurTests */,
				1A6EB82E1DF8A4B100B50A74 /* JSTableViewBlurUITests */,
				1A6EB80D1DF8A4B100B50A74 /* Products */,
			);
			sourceTree = "<group>";
		};
		1A6EB80D1DF8A4B100B50A74 /* Products */ = {
			isa = PBXGroup;
			children = (
				1A6EB80C1DF8A4B100B50A74 /* JSTableViewBlur.app */,
				1A6EB8201DF8A4B100B50A74 /* JSTableViewBlurTests.xctest */,
				1A6EB82B1DF8A4B100B50A74 /* JSTableViewBlurUITests.xctest */,
			);
			name = Products;
			sourceTree = "<group>";
		};
		1A6EB80E1DF8A4B100B50A74 /* JSTableViewBlur */ = {
			isa = PBXGroup;
			children = (
				1A6EB80F1DF8A4B100B50A74 /* AppDelegate.swift */,
				1A6EB8111DF8A4B100B50A74 /* ViewController.swift */,
				1A6EB8131DF8A4B100B50A74 /* Main.storyboard */,
				1A6EB8161DF8A4B100B50A74 /* Assets.xcassets */,
				1A6EB8181DF8A4B100B50A74 /* LaunchScreen.storyboard */,
				1A6EB81B1DF8A4B100B50A74 /* Info.plist */,
			);
			path = JSTableViewBlur;
			sourceTree = "<group>";
		};
		1A6EB8231DF8A4B100B50A74 /* JSTableViewBlurTests */ = {
			isa = PBXGroup;
			children = (
				1A6EB8241DF8A4B100B50A74 /* JSTableViewBlurTests.swift */,
				1A6EB8261DF8A4B100B50A74 /* Info.plist */,
			);
			path = JSTableViewBlurTests;
			sourceTree = "<group>";
		};
		1A6EB82E1DF8A4B100B50A74 /* JSTableViewBlurUITests */ = {
			isa = PBXGroup;
			children = (
				1A6EB82F1DF8A4B100B50A74 /* JSTableViewBlurUITests.swift */,
				1A6EB8311DF8A4B100B50A74 /* Info.plist */,
			);
			path = JSTableViewBlurUITests;
			sourceTree = "<group>";
		};
/* End PBXGroup section */

/* Begin PBXNativeTarget section */
		1A6EB80B1DF8A4B100B50A74 /* JSTableViewBlur */ = {
			isa = PBXNativeTarget;
			buildConfigurationList = 1A6EB8341DF8A4B100B50A74 /* Build configuration list for PBXNativeTarget "JSTableViewBlur" */;
			buildPhases = (
				1A6EB8081DF8A4B100B50A74 /* Sources */,
				1A6EB8091DF8A4B100B50A74 /* Frameworks */,
				1A6EB80A1DF8A4B100B50A74 /* Resources */,
			);
			buildRules = (
			);
			dependencies = (
			);
			name = JSTableViewBlur;
			productName = JSTableViewBlur;
			productReference = 1A6EB80C1DF8A4B100B50A74 /* JSTableViewBlur.app */;
			productType = "com.apple.product-type.application";
		};
		1A6EB81F1DF8A4B100B50A74 /* JSTableViewBlurTests */ = {
			isa = PBXNativeTarget;
			buildConfigurationList = 1A6EB8371DF8A4B100B50A74 /* Build configuration list for PBXNativeTarget "JSTableViewBlurTests" */;
			buildPhases = (
				1A6EB81C1DF8A4B100B50A74 /* Sources */,
				1A6EB81D1DF8A4B100B50A74 /* Frameworks */,
				1A6EB81E1DF8A4B100B50A74 /* Resources */,
			);
			buildRules = (
			);
			dependencies = (
				1A6EB8221DF8A4B100B50A74 /* PBXTargetDependency */,
			);
			name = JSTableViewBlurTests;
			productName = JSTableViewBlurTests;
			productReference = 1A6EB8201DF8A4B100B50A74 /* JSTableViewBlurTests.xctest */;
			productType = "com.apple.product-type.bundle.unit-test";
		};
		1A6EB82A1DF8A4B100B50A74 /* JSTableViewBlurUITests */ = {
			isa = PBXNativeTarget;
			buildConfigurationList = 1A6EB83A1DF8A4B100B50A74 /* Build configuration list for PBXNativeTarget "JSTableViewBlurUITests" */;
			buildPhases = (
				1A6EB8271DF8A4B100B50A74 /* Sources */,
				1A6EB8281DF8A4B100B50A74 /* Frameworks */,
				1A6EB8291DF8A4B100B50A74 /* Resources */,
			);
			buildRules = (
			);
			dependencies = (
				1A6EB82D1DF8A4B100B50A74 /* PBXTargetDependency */,
			);
			name = JSTableViewBlurUITests;
			productName = JSTableViewBlurUITests;
			productReference = 1A6EB82B1DF8A4B100B50A74 /* JSTableViewBlurUITests.xctest */;
			productType = "com.apple.product-type.bundle.ui-testing";
		};
/* End PBXNativeTarget section */

/* Begin PBXProject section */
		1A6EB8041DF8A4B100B50A74 /* Project object */ = {
			isa = PBXProject;
			attributes = {
				LastSwiftUpdateCheck = 0810;
				LastUpgradeCheck = 0810;
				ORGANIZATIONNAME = "James Sadlier";
				TargetAttributes = {
					1A6EB80B1DF8A4B100B50A74 = {
						CreatedOnToolsVersion = 8.1;
						DevelopmentTeam = 46K9FG5ZG8;
						ProvisioningStyle = Automatic;
					};
					1A6EB81F1DF8A4B100B50A74 = {
						CreatedOnToolsVersion = 8.1;
						DevelopmentTeam = 46K9FG5ZG8;
						ProvisioningStyle = Automatic;
						TestTargetID = 1A6EB80B1DF8A4B100B50A74;
					};
					1A6EB82A1DF8A4B100B50A74 = {
						CreatedOnToolsVersion = 8.1;
						DevelopmentTeam = 46K9FG5ZG8;
						ProvisioningStyle = Automatic;
						TestTargetID = 1A6EB80B1DF8A4B100B50A74;
					};
				};
			};
			buildConfigurationList = 1A6EB8071DF8A4B100B50A74 /* Build configuration list for PBXProject "JSTableViewBlur" */;
			compatibilityVersion = "Xcode 3.2";
			developmentRegion = English;
			hasScannedForEncodings = 0;
			knownRegions = (
				en,
				Base,
			);
			mainGroup = 1A6EB8031DF8A4B100B50A74;
			productRefGroup = 1A6EB80D1DF8A4B100B50A74 /* Products */;
			projectDirPath = "";
			projectRoot = "";
			targets = (
				1A6EB80B1DF8A4B100B50A74 /* JSTableViewBlur */,
				1A6EB81F1DF8A4B100B50A74 /* JSTableViewBlurTests */,
				1A6EB82A1DF8A4B100B50A74 /* JSTableViewBlurUITests */,
			);
		};
/* End PBXProject section */

/* Begin PBXResourcesBuildPhase section */
		1A6EB80A1DF8A4B100B50A74 /* Resources */ = {
			isa = PBXResourcesBuildPhase;
			buildActionMask = 2147483647;
			files = (
				1A6EB81A1DF8A4B100B50A74 /* LaunchScreen.storyboard in Resources */,
				1A6EB8171DF8A4B100B50A74 /* Assets.xcassets in Resources */,
				1A6EB8151DF8A4B100B50A74 /* Main.storyboard in Resources */,
			);
			runOnlyForDeploymentPostprocessing = 0;
		};
		1A6EB81E1DF8A4B100B50A74 /* Resources */ = {
			isa = PBXResourcesBuildPhase;
			buildActionMask = 2147483647;
			files = (
			);
			runOnlyForDeploymentPostprocessing = 0;
		};
		1A6EB8291DF8A4B100B50A74 /* Resources */ = {
			isa = PBXResourcesBuildPhase;
			buildActionMask = 2147483647;
			files = (
			);
			runOnlyForDeploymentPostprocessing = 0;
		};
/* End PBXResourcesBuildPhase section */

/* Begin PBXSourcesBuildPhase section */
		1A6EB8081DF8A4B100B50A74 /* Sources */ = {
			isa = PBXSourcesBuildPhase;
			buildActionMask = 2147483647;
			files = (
				1A6EB8121DF8A4B100B50A74 /* ViewController.swift in Sources */,
				1A6EB8101DF8A4B100B50A74 /* AppDelegate.swift in Sources */,
			);
			runOnlyForDeploymentPostprocessing = 0;
		};
		1A6EB81C1DF8A4B100B50A74 /* Sources */ = {
			isa = PBXSourcesBuildPhase;
			buildActionMask = 2147483647;
			files = (
				1A6EB8251DF8A4B100B50A74 /* JSTableViewBlurTests.swift in Sources */,
			);
			runOnlyForDeploymentPostprocessing = 0;
		};
		1A6EB8271DF8A4B100B50A74 /* Sources */ = {
			isa = PBXSourcesBuildPhase;
			buildActionMask = 2147483647;
			files = (
				1A6EB8301DF8A4B100B50A74 /* JSTableViewBlurUITests.swift in Sources */,
			);
			runOnlyForDeploymentPostprocessing = 0;
		};
/* End PBXSourcesBuildPhase section */

/* Begin PBXTargetDependency section */
		1A6EB8221DF8A4B100B50A74 /* PBXTargetDependency */ = {
			isa = PBXTargetDependency;
			target = 1A6EB80B1DF8A4B100B50A74 /* JSTableViewBlur */;
			targetProxy = 1A6EB8211DF8A4B100B50A74 /* PBXContainerItemProxy */;
		};
		1A6EB82D1DF8A4B100B50A74 /* PBXTargetDependency */ = {
			isa = PBXTargetDependency;
			target = 1A6EB80B1DF8A4B100B50A74 /* JSTableViewBlur */;
			targetProxy = 1A6EB82C1DF8A4B100B50A74 /* PBXContainerItemProxy */;
		};
/* End PBXTargetDependency section */

/* Begin PBXVariantGroup section */
		1A6EB8131DF8A4B100B50A74 /* Main.storyboard */ = {
			isa = PBXVariantGroup;
			children = (
				1A6EB8141DF8A4B100B50A74 /* Base */,
			);
			name = Main.storyboard;
			sourceTree = "<group>";
		};
		1A6EB8181DF8A4B100B50A74 /* LaunchScreen.storyboard */ = {
			isa = PBXVariantGroup;
			children = (
				1A6EB8191DF8A4B100B50A74 /* Base */,
			);
			name = LaunchScreen.storyboard;
			sourceTree = "<group>";
		};
/* End PBXVariantGroup section */

/* Begin XCBuildConfiguration section */
		1A6EB8321DF8A4B100B50A74 /* Debug */ = {
			isa = XCBuildConfiguration;
			buildSettings = {
				ALWAYS_SEARCH_USER_PATHS = NO;
				CLANG_ANALYZER_NONNULL = YES;
				CLANG_CXX_LANGUAGE_STANDARD = "gnu++0x";
				CLANG_CXX_LIBRARY = "libc++";
				CLANG_ENABLE_MODULES = YES;
				CLANG_ENABLE_OBJC_ARC = YES;
				CLANG_WARN_BOOL_CONVERSION = YES;
				CLANG_WARN_CONSTANT_CONVERSION = YES;
				CLANG_WARN_DIRECT_OBJC_ISA_USAGE = YES_ERROR;
				CLANG_WARN_DOCUMENTATION_COMMENTS = YES;
				CLANG_WARN_EMPTY_BODY = YES;
				CLANG_WARN_ENUM_CONVERSION = YES;
				CLANG_WARN_INFINITE_RECURSION = YES;
				CLANG_WARN_INT_CONVERSION = YES;
				CLANG_WARN_OBJC_ROOT_CLASS = YES_ERROR;
				CLANG_WARN_SUSPICIOUS_MOVES = YES;
				CLANG_WARN_UNREACHABLE_CODE = YES;
				CLANG_WARN__DUPLICATE_METHOD_MATCH = YES;
				"CODE_SIGN_IDENTITY[sdk=iphoneos*]" = "iPhone Developer";
				COPY_PHASE_STRIP = NO;
				DEBUG_INFORMATION_FORMAT = dwarf;
				ENABLE_STRICT_OBJC_MSGSEND = YES;
				ENABLE_TESTABILITY = YES;
				GCC_C_LANGUAGE_STANDARD = gnu99;
				GCC_DYNAMIC_NO_PIC = NO;
				GCC_NO_COMMON_BLOCKS = YES;
				GCC_OPTIMIZATION_LEVEL = 0;
				GCC_PREPROCESSOR_DEFINITIONS = (
					"DEBUG=1",
					"$(inherited)",
				);
				GCC_WARN_64_TO_32_BIT_CONVERSION = YES;
				GCC_WARN_ABOUT_RETURN_TYPE = YES_ERROR;
				GCC_WARN_UNDECLARED_SELECTOR = YES;
				GCC_WARN_UNINITIALIZED_AUTOS = YES_AGGRESSIVE;
				GCC_WARN_UNUSED_FUNCTION = YES;
				GCC_WARN_UNUSED_VARIABLE = YES;
				IPHONEOS_DEPLOYMENT_TARGET = 10.1;
				MTL_ENABLE_DEBUG_INFO = YES;
				ONLY_ACTIVE_ARCH = YES;
				SDKROOT = iphoneos;
				SWIFT_ACTIVE_COMPILATION_CONDITIONS = DEBUG;
				SWIFT_OPTIMIZATION_LEVEL = "-Onone";
				TARGETED_DEVICE_FAMILY = "1,2";
			};
			name = Debug;
		};
		1A6EB8331DF8A4B100B50A74 /* Release */ = {
			isa = XCBuildConfiguration;
			buildSettings = {
				ALWAYS_SEARCH_USER_PATHS = NO;
				CLANG_ANALYZER_NONNULL = YES;
				CLANG_CXX_LANGUAGE_STANDARD = "gnu++0x";
				CLANG_CXX_LIBRARY = "libc++";
				CLANG_ENABLE_MODULES = YES;
				CLANG_ENABLE_OBJC_ARC = YES;
				CLANG_WARN_BOOL_CONVERSION = YES;
				CLANG_WARN_CONSTANT_CONVERSION = YES;
				CLANG_WARN_DIRECT_OBJC_ISA_USAGE = YES_ERROR;
				CLANG_WARN_DOCUMENTATION_COMMENTS = YES;
				CLANG_WARN_EMPTY_BODY = YES;
				CLANG_WARN_ENUM_CONVERSION = YES;
				CLANG_WARN_INFINITE_RECURSION = YES;
				CLANG_WARN_INT_CONVERSION = YES;
				CLANG_WARN_OBJC_ROOT_CLASS = YES_ERROR;
				CLANG_WARN_SUSPICIOUS_MOVES = YES;
				CLANG_WARN_UNREACHABLE_CODE = YES;
				CLANG_WARN__DUPLICATE_METHOD_MATCH = YES;
				"CODE_SIGN_IDENTITY[sdk=iphoneos*]" = "iPhone Developer";
				COPY_PHASE_STRIP = NO;
				DEBUG_INFORMATION_FORMAT = "dwarf-with-dsym";
				ENABLE_NS_ASSERTIONS = NO;
				ENABLE_STRICT_OBJC_MSGSEND = YES;
				GCC_C_LANGUAGE_STANDARD = gnu99;
				GCC_NO_COMMON_BLOCKS = YES;
				GCC_WARN_64_TO_32_BIT_CONVERSION = YES;
				GCC_WARN_ABOUT_RETURN_TYPE = YES_ERROR;
				GCC_WARN_UNDECLARED_SELECTOR = YES;
				GCC_WARN_UNINITIALIZED_AUTOS = YES_AGGRESSIVE;
				GCC_WARN_UNUSED_FUNCTION = YES;
				GCC_WARN_UNUSED_VARIABLE = YES;
				IPHONEOS_DEPLOYMENT_TARGET = 10.1;
				MTL_ENABLE_DEBUG_INFO = NO;
				SDKROOT = iphoneos;
				SWIFT_OPTIMIZATION_LEVEL = "-Owholemodule";
				TARGETED_DEVICE_FAMILY = "1,2";
				VALIDATE_PRODUCT = YES;
			};
			name = Release;
		};
		1A6EB8351DF8A4B100B50A74 /* Debug */ = {
			isa = XCBuildConfiguration;
			buildSettings = {
				ASSETCATALOG_COMPILER_APPICON_NAME = AppIcon;
				DEVELOPMENT_TEAM = 46K9FG5ZG8;
				INFOPLIST_FILE = JSTableViewBlur/Info.plist;
				LD_RUNPATH_SEARCH_PATHS = "$(inherited) @executable_path/Frameworks";
				PRODUCT_BUNDLE_IDENTIFIER = com.nosad.tableViewBlur.JSTableViewBlur;
				PRODUCT_NAME = "$(TARGET_NAME)";
				SWIFT_VERSION = 3.0;
			};
			name = Debug;
		};
		1A6EB8361DF8A4B100B50A74 /* Release */ = {
			isa = XCBuildConfiguration;
			buildSettings = {
				ASSETCATALOG_COMPILER_APPICON_NAME = AppIcon;
				DEVELOPMENT_TEAM = 46K9FG5ZG8;
				INFOPLIST_FILE = JSTableViewBlur/Info.plist;
				LD_RUNPATH_SEARCH_PATHS = "$(inherited) @executable_path/Frameworks";
				PRODUCT_BUNDLE_IDENTIFIER = com.nosad.tableViewBlur.JSTableViewBlur;
				PRODUCT_NAME = "$(TARGET_NAME)";
				SWIFT_VERSION = 3.0;
			};
			name = Release;
		};
		1A6EB8381DF8A4B100B50A74 /* Debug */ = {
			isa = XCBuildConfiguration;
			buildSettings = {
				ALWAYS_EMBED_SWIFT_STANDARD_LIBRARIES = YES;
				BUNDLE_LOADER = "$(TEST_HOST)";
				DEVELOPMENT_TEAM = 46K9FG5ZG8;
				INFOPLIST_FILE = JSTableViewBlurTests/Info.plist;
				LD_RUNPATH_SEARCH_PATHS = "$(inherited) @executable_path/Frameworks @loader_path/Frameworks";
				PRODUCT_BUNDLE_IDENTIFIER = com.nosad.tableViewBlur.JSTableViewBlurTests;
				PRODUCT_NAME = "$(TARGET_NAME)";
				SWIFT_VERSION = 3.0;
				TEST_HOST = "$(BUILT_PRODUCTS_DIR)/JSTableViewBlur.app/JSTableViewBlur";
			};
			name = Debug;
		};
		1A6EB8391DF8A4B100B50A74 /* Release */ = {
			isa = XCBuildConfiguration;
			buildSettings = {
				ALWAYS_EMBED_SWIFT_STANDARD_LIBRARIES = YES;
				BUNDLE_LOADER = "$(TEST_HOST)";
				DEVELOPMENT_TEAM = 46K9FG5ZG8;
				INFOPLIST_FILE = JSTableViewBlurTests/Info.plist;
				LD_RUNPATH_SEARCH_PATHS = "$(inherited) @executable_path/Frameworks @loader_path/Frameworks";
				PRODUCT_BUNDLE_IDENTIFIER = com.nosad.tableViewBlur.JSTableViewBlurTests;
				PRODUCT_NAME = "$(TARGET_NAME)";
				SWIFT_VERSION = 3.0;
				TEST_HOST = "$(BUILT_PRODUCTS_DIR)/JSTableViewBlur.app/JSTableViewBlur";
			};
			name = Release;
		};
		1A6EB83B1DF8A4B100B50A74 /* Debug */ = {
			isa = XCBuildConfiguration;
			buildSettings = {
				ALWAYS_EMBED_SWIFT_STANDARD_LIBRARIES = YES;
				DEVELOPMENT_TEAM = 46K9FG5ZG8;
				INFOPLIST_FILE = JSTableViewBlurUITests/Info.plist;
				LD_RUNPATH_SEARCH_PATHS = "$(inherited) @executable_path/Frameworks @loader_path/Frameworks";
				PRODUCT_BUNDLE_IDENTIFIER = com.nosad.tableViewBlur.JSTableViewBlurUITests;
				PRODUCT_NAME = "$(TARGET_NAME)";
				SWIFT_VERSION = 3.0;
				TEST_TARGET_NAME = JSTableViewBlur;
			};
			name = Debug;
		};
		1A6EB83C1DF8A4B100B50A74 /* Release */ = {
			isa = XCBuildConfiguration;
			buildSettings = {
				ALWAYS_EMBED_SWIFT_STANDARD_LIBRARIES = YES;
				DEVELOPMENT_TEAM = 46K9FG5ZG8;
				INFOPLIST_FILE = JSTableViewBlurUITests/Info.plist;
				LD_RUNPATH_SEARCH_PATHS = "$(inherited) @executable_path/Frameworks @loader_path/Frameworks";
				PRODUCT_BUNDLE_IDENTIFIER = com.nosad.tableViewBlur.JSTableViewBlurUITests;
				PRODUCT_NAME = "$(TARGET_NAME)";
				SWIFT_VERSION = 3.0;
				TEST_TARGET_NAME = JSTableViewBlur;
			};
			name = Release;
		};
/* End XCBuildConfiguration section */

/* Begin XCConfigurationList section */
		1A6EB8071DF8A4B100B50A74 /* Build configuration list for PBXProject "JSTableViewBlur" */ = {
			isa = XCConfigurationList;
			buildConfigurations = (
				1A6EB8321DF8A4B100B50A74 /* Debug */,
				1A6EB8331DF8A4B100B50A74 /* Release */,
			);
			defaultConfigurationIsVisible = 0;
			defaultConfigurationName = Release;
		};
		1A6EB8341DF8A4B100B50A74 /* Build configuration list for PBXNativeTarget "JSTableViewBlur" */ = {
			isa = XCConfigurationList;
			buildConfigurations = (
				1A6EB8351DF8A4B100B50A74 /* Debug */,
				1A6EB8361DF8A4B100B50A74 /* Release */,
			);
			defaultConfigurationIsVisible = 0;
		};
		1A6EB8371DF8A4B100B50A74 /* Build configuration list for PBXNativeTarget "JSTableViewBlurTests" */ = {
			isa = XCConfigurationList;
			buildConfigurations = (
				1A6EB8381DF8A4B100B50A74 /* Debug */,
				1A6EB8391DF8A4B100B50A74 /* Release */,
			);
			defaultConfigurationIsVisible = 0;
		};
		1A6EB83A1DF8A4B100B50A74 /* Build configuration list for PBXNativeTarget "JSTableViewBlurUITests" */ = {
			isa = XCConfigurationList;
			buildConfigurations = (
				1A6EB83B1DF8A4B100B50A74 /* Debug */,
				1A6EB83C1DF8A4B100B50A74 /* Release */,
			);
			defaultConfigurationIsVisible = 0;
		};
/* End XCConfigurationList section */
	};
	rootObject = 1A6EB8041DF8A4B100B50A74 /* Project object */;
}
